// !$*UTF8*$!
{
	archiveVersion = 1;
	classes = {
	};
	objectVersion = 48;
	objects = {

/* Begin PBXBuildFile section */
		35C813D91FE3201900C78EBA /* AppDelegate.m in Sources */ = {isa = PBXBuildFile; fileRef = 35C813D81FE3201900C78EBA /* AppDelegate.m */; };
		35C813DC1FE3201900C78EBA /* ViewController.m in Sources */ = {isa = PBXBuildFile; fileRef = 35C813DB1FE3201900C78EBA /* ViewController.m */; };
		35C813DF1FE3201900C78EBA /* Main.storyboard in Resources */ = {isa = PBXBuildFile; fileRef = 35C813DD1FE3201900C78EBA /* Main.storyboard */; };
		35C813E11FE3201900C78EBA /* Assets.xcassets in Resources */ = {isa = PBXBuildFile; fileRef = 35C813E01FE3201900C78EBA /* Assets.xcassets */; };
		35C813E41FE3201900C78EBA /* LaunchScreen.storyboard in Resources */ = {isa = PBXBuildFile; fileRef = 35C813E21FE3201900C78EBA /* LaunchScreen.storyboard */; };
		35C813E71FE3201900C78EBA /* main.m in Sources */ = {isa = PBXBuildFile; fileRef = 35C813E61FE3201900C78EBA /* main.m */; };
		35C813FD1FE322B200C78EBA /* TapMeTests.swift in Sources */ = {isa = PBXBuildFile; fileRef = 35C813FC1FE322B200C78EBA /* TapMeTests.swift */; };
		35C814001FE3242800C78EBA /* NeededForTesting.swift in Sources */ = {isa = PBXBuildFile; fileRef = 35C813FF1FE3242800C78EBA /* NeededForTesting.swift */; };
/* End PBXBuildFile section */

/* Begin PBXContainerItemProxy section */
		35C813ED1FE3201900C78EBA /* PBXContainerItemProxy */ = {
			isa = PBXContainerItemProxy;
			containerPortal = 35C813CC1FE3201900C78EBA /* Project object */;
			proxyType = 1;
			remoteGlobalIDString = 35C813D31FE3201900C78EBA;
			remoteInfo = TapMe;
		};
/* End PBXContainerItemProxy section */

/* Begin PBXFileReference section */
		35C813D41FE3201900C78EBA /* TapMe.app */ = {isa = PBXFileReference; explicitFileType = wrapper.application; includeInIndex = 0; path = TapMe.app; sourceTree = BUILT_PRODUCTS_DIR; };
		35C813D71FE3201900C78EBA /* AppDelegate.h */ = {isa = PBXFileReference; lastKnownFileType = sourcecode.c.h; path = AppDelegate.h; sourceTree = "<group>"; };
		35C813D81FE3201900C78EBA /* AppDelegate.m */ = {isa = PBXFileReference; lastKnownFileType = sourcecode.c.objc; path = AppDelegate.m; sourceTree = "<group>"; };
		35C813DA1FE3201900C78EBA /* ViewController.h */ = {isa = PBXFileReference; lastKnownFileType = sourcecode.c.h; path = ViewController.h; sourceTree = "<group>"; };
		35C813DB1FE3201900C78EBA /* ViewController.m */ = {isa = PBXFileReference; lastKnownFileType = sourcecode.c.objc; path = ViewController.m; sourceTree = "<group>"; };
		35C813DE1FE3201900C78EBA /* Base */ = {isa = PBXFileReference; lastKnownFileType = file.storyboard; name = Base; path = Base.lproj/Main.storyboard; sourceTree = "<group>"; };
		35C813E01FE3201900C78EBA /* Assets.xcassets */ = {isa = PBXFileReference; lastKnownFileType = folder.assetcatalog; path = Assets.xcassets; sourceTree = "<group>"; };
		35C813E31FE3201900C78EBA /* Base */ = {isa = PBXFileReference; lastKnownFileType = file.storyboard; name = Base; path = Base.lproj/LaunchScreen.storyboard; sourceTree = "<group>"; };
		35C813E51FE3201900C78EBA /* Info.plist */ = {isa = PBXFileReference; lastKnownFileType = text.plist.xml; path = Info.plist; sourceTree = "<group>"; };
		35C813E61FE3201900C78EBA /* main.m */ = {isa = PBXFileReference; lastKnownFileType = sourcecode.c.objc; path = main.m; sourceTree = "<group>"; };
		35C813EC1FE3201900C78EBA /* TapMeTests.xctest */ = {isa = PBXFileReference; explicitFileType = wrapper.cfbundle; includeInIndex = 0; path = TapMeTests.xctest; sourceTree = BUILT_PRODUCTS_DIR; };
		35C813F21FE3201900C78EBA /* Info.plist */ = {isa = PBXFileReference; lastKnownFileType = text.plist.xml; path = Info.plist; sourceTree = "<group>"; };
		35C813FB1FE322B200C78EBA /* TapMeTests-Bridging-Header.h */ = {isa = PBXFileReference; lastKnownFileType = sourcecode.c.h; path = "TapMeTests-Bridging-Header.h"; sourceTree = "<group>"; };
		35C813FC1FE322B200C78EBA /* TapMeTests.swift */ = {isa = PBXFileReference; lastKnownFileType = sourcecode.swift; path = TapMeTests.swift; sourceTree = "<group>"; };
		35C813FE1FE3242800C78EBA /* TapMe-Bridging-Header.h */ = {isa = PBXFileReference; lastKnownFileType = sourcecode.c.h; path = "TapMe-Bridging-Header.h"; sourceTree = "<group>"; };
		35C813FF1FE3242800C78EBA /* NeededForTesting.swift */ = {isa = PBXFileReference; lastKnownFileType = sourcecode.swift; path = NeededForTesting.swift; sourceTree = "<group>"; };
/* End PBXFileReference section */

/* Begin PBXFrameworksBuildPhase section */
		35C813D11FE3201900C78EBA /* Frameworks */ = {
			isa = PBXFrameworksBuildPhase;
			buildActionMask = 2147483647;
			files = (
			);
			runOnlyForDeploymentPostprocessing = 0;
		};
		35C813E91FE3201900C78EBA /* Frameworks */ = {
			isa = PBXFrameworksBuildPhase;
			buildActionMask = 2147483647;
			files = (
			);
			runOnlyForDeploymentPostprocessing = 0;
		};
/* End PBXFrameworksBuildPhase section */

/* Begin PBXGroup section */
		35C813CB1FE3201900C78EBA = {
			isa = PBXGroup;
			children = (
				35C813D61FE3201900C78EBA /* TapMe */,
				35C813EF1FE3201900C78EBA /* TapMeTests */,
				35C813D51FE3201900C78EBA /* Products */,
			);
			sourceTree = "<group>";
		};
		35C813D51FE3201900C78EBA /* Products */ = {
			isa = PBXGroup;
			children = (
				35C813D41FE3201900C78EBA /* TapMe.app */,
				35C813EC1FE3201900C78EBA /* TapMeTests.xctest */,
			);
			name = Products;
			sourceTree = "<group>";
		};
		35C813D61FE3201900C78EBA /* TapMe */ = {
			isa = PBXGroup;
			children = (
				35C813D71FE3201900C78EBA /* AppDelegate.h */,
				35C813D81FE3201900C78EBA /* AppDelegate.m */,
				35C813DA1FE3201900C78EBA /* ViewController.h */,
				35C813DB1FE3201900C78EBA /* ViewController.m */,
				35C813DD1FE3201900C78EBA /* Main.storyboard */,
				35C813E01FE3201900C78EBA /* Assets.xcassets */,
				35C813E21FE3201900C78EBA /* LaunchScreen.storyboard */,
				35C813E51FE3201900C78EBA /* Info.plist */,
				35C813E61FE3201900C78EBA /* main.m */,
				35C813FF1FE3242800C78EBA /* NeededForTesting.swift */,
				35C813FE1FE3242800C78EBA /* TapMe-Bridging-Header.h */,
			);
			path = TapMe;
			sourceTree = "<group>";
		};
		35C813EF1FE3201900C78EBA /* TapMeTests */ = {
			isa = PBXGroup;
			children = (
				35C813F21FE3201900C78EBA /* Info.plist */,
				35C813FC1FE322B200C78EBA /* TapMeTests.swift */,
				35C813FB1FE322B200C78EBA /* TapMeTests-Bridging-Header.h */,
			);
			path = TapMeTests;
			sourceTree = "<group>";
		};
/* End PBXGroup section */

/* Begin PBXNativeTarget section */
		35C813D31FE3201900C78EBA /* TapMe */ = {
			isa = PBXNativeTarget;
			buildConfigurationList = 35C813F51FE3201900C78EBA /* Build configuration list for PBXNativeTarget "TapMe" */;
			buildPhases = (
				35C813D01FE3201900C78EBA /* Sources */,
				35C813D11FE3201900C78EBA /* Frameworks */,
				35C813D21FE3201900C78EBA /* Resources */,
			);
			buildRules = (
			);
			dependencies = (
			);
			name = TapMe;
			productName = TapMe;
			productReference = 35C813D41FE3201900C78EBA /* TapMe.app */;
			productType = "com.apple.product-type.application";
		};
		35C813EB1FE3201900C78EBA /* TapMeTests */ = {
			isa = PBXNativeTarget;
			buildConfigurationList = 35C813F81FE3201900C78EBA /* Build configuration list for PBXNativeTarget "TapMeTests" */;
			buildPhases = (
				35C813E81FE3201900C78EBA /* Sources */,
				35C813E91FE3201900C78EBA /* Frameworks */,
				35C813EA1FE3201900C78EBA /* Resources */,
			);
			buildRules = (
			);
			dependencies = (
				35C813EE1FE3201900C78EBA /* PBXTargetDependency */,
			);
			name = TapMeTests;
			productName = TapMeTests;
			productReference = 35C813EC1FE3201900C78EBA /* TapMeTests.xctest */;
			productType = "com.apple.product-type.bundle.unit-test";
		};
/* End PBXNativeTarget section */

/* Begin PBXProject section */
		35C813CC1FE3201900C78EBA /* Project object */ = {
			isa = PBXProject;
			attributes = {
				LastUpgradeCheck = 0920;
				ORGANIZATIONNAME = "Michael Charland";
				TargetAttributes = {
					35C813D31FE3201900C78EBA = {
						CreatedOnToolsVersion = 9.2;
						LastSwiftMigration = 0920;
						ProvisioningStyle = Automatic;
					};
					35C813EB1FE3201900C78EBA = {
						CreatedOnToolsVersion = 9.2;
						LastSwiftMigration = 0920;
						ProvisioningStyle = Automatic;
						TestTargetID = 35C813D31FE3201900C78EBA;
					};
				};
			};
			buildConfigurationList = 35C813CF1FE3201900C78EBA /* Build configuration list for PBXProject "TapMe" */;
			compatibilityVersion = "Xcode 8.0";
			developmentRegion = en;
			hasScannedForEncodings = 0;
			knownRegions = (
				en,
				Base,
			);
			mainGroup = 35C813CB1FE3201900C78EBA;
			productRefGroup = 35C813D51FE3201900C78EBA /* Products */;
			projectDirPath = "";
			projectRoot = "";
			targets = (
				35C813D31FE3201900C78EBA /* TapMe */,
				35C813EB1FE3201900C78EBA /* TapMeTests */,
			);
		};
/* End PBXProject section */

/* Begin PBXResourcesBuildPhase section */
		35C813D21FE3201900C78EBA /* Resources */ = {
			isa = PBXResourcesBuildPhase;
			buildActionMask = 2147483647;
			files = (
				35C813E41FE3201900C78EBA /* LaunchScreen.storyboard in Resources */,
				35C813E11FE3201900C78EBA /* Assets.xcassets in Resources */,
				35C813DF1FE3201900C78EBA /* Main.storyboard in Resources */,
			);
			runOnlyForDeploymentPostprocessing = 0;
		};
		35C813EA1FE3201900C78EBA /* Resources */ = {
			isa = PBXResourcesBuildPhase;
			buildActionMask = 2147483647;
			files = (
			);
			runOnlyForDeploymentPostprocessing = 0;
		};
/* End PBXResourcesBuildPhase section */

/* Begin PBXSourcesBuildPhase section */
		35C813D01FE3201900C78EBA /* Sources */ = {
			isa = PBXSourcesBuildPhase;
			buildActionMask = 2147483647;
			files = (
				35C813DC1FE3201900C78EBA /* ViewController.m in Sources */,
				35C813E71FE3201900C78EBA /* main.m in Sources */,
				35C813D91FE3201900C78EBA /* AppDelegate.m in Sources */,
				35C814001FE3242800C78EBA /* NeededForTesting.swift in Sources */,
			);
			runOnlyForDeploymentPostprocessing = 0;
		};
		35C813E81FE3201900C78EBA /* Sources */ = {
			isa = PBXSourcesBuildPhase;
			buildActionMask = 2147483647;
			files = (
				35C813FD1FE322B200C78EBA /* TapMeTests.swift in Sources */,
			);
			runOnlyForDeploymentPostprocessing = 0;
		};
/* End PBXSourcesBuildPhase section */

/* Begin PBXTargetDependency section */
		35C813EE1FE3201900C78EBA /* PBXTargetDependency */ = {
			isa = PBXTargetDependency;
			target = 35C813D31FE3201900C78EBA /* TapMe */;
			targetProxy = 35C813ED1FE3201900C78EBA /* PBXContainerItemProxy */;
		};
/* End PBXTargetDependency section */

/* Begin PBXVariantGroup section */
		35C813DD1FE3201900C78EBA /* Main.storyboard */ = {
			isa = PBXVariantGroup;
			children = (
				35C813DE1FE3201900C78EBA /* Base */,
			);
			name = Main.storyboard;
			sourceTree = "<group>";
		};
		35C813E21FE3201900C78EBA /* LaunchScreen.storyboard */ = {
			isa = PBXVariantGroup;
			children = (
				35C813E31FE3201900C78EBA /* Base */,
			);
			name = LaunchScreen.storyboard;
			sourceTree = "<group>";
		};
/* End PBXVariantGroup section */

/* Begin XCBuildConfiguration section */
		35C813F31FE3201900C78EBA /* Debug */ = {
			isa = XCBuildConfiguration;
			buildSettings = {
				ALWAYS_SEARCH_USER_PATHS = NO;
				CLANG_ANALYZER_NONNULL = YES;
				CLANG_ANALYZER_NUMBER_OBJECT_CONVERSION = YES_AGGRESSIVE;
				CLANG_CXX_LANGUAGE_STANDARD = "gnu++14";
				CLANG_CXX_LIBRARY = "libc++";
				CLANG_ENABLE_MODULES = YES;
				CLANG_ENABLE_OBJC_ARC = YES;
				CLANG_WARN_BLOCK_CAPTURE_AUTORELEASING = YES;
				CLANG_WARN_BOOL_CONVERSION = YES;
				CLANG_WARN_COMMA = YES;
				CLANG_WARN_CONSTANT_CONVERSION = YES;
				CLANG_WARN_DIRECT_OBJC_ISA_USAGE = YES_ERROR;
				CLANG_WARN_DOCUMENTATION_COMMENTS = YES;
				CLANG_WARN_EMPTY_BODY = YES;
				CLANG_WARN_ENUM_CONVERSION = YES;
				CLANG_WARN_INFINITE_RECURSION = YES;
				CLANG_WARN_INT_CONVERSION = YES;
				CLANG_WARN_NON_LITERAL_NULL_CONVERSION = YES;
				CLANG_WARN_OBJC_LITERAL_CONVERSION = YES;
				CLANG_WARN_OBJC_ROOT_CLASS = YES_ERROR;
				CLANG_WARN_RANGE_LOOP_ANALYSIS = YES;
				CLANG_WARN_STRICT_PROTOTYPES = YES;
				CLANG_WARN_SUSPICIOUS_MOVE = YES;
				CLANG_WARN_UNGUARDED_AVAILABILITY = YES_AGGRESSIVE;
				CLANG_WARN_UNREACHABLE_CODE = YES;
				CLANG_WARN__DUPLICATE_METHOD_MATCH = YES;
				CODE_SIGN_IDENTITY = "iPhone Developer";
				COPY_PHASE_STRIP = NO;
				DEBUG_INFORMATION_FORMAT = dwarf;
				ENABLE_STRICT_OBJC_MSGSEND = YES;
				ENABLE_TESTABILITY = YES;
				GCC_C_LANGUAGE_STANDARD = gnu11;
				GCC_DYNAMIC_NO_PIC = NO;
				GCC_NO_COMMON_BLOCKS = YES;
				GCC_OPTIMIZATION_LEVEL = 0;
				GCC_PREPROCESSOR_DEFINITIONS = (
					"DEBUG=1",
					"$(inherited)",
				);
				GCC_WARN_64_TO_32_BIT_CONVERSION = YES;
				GCC_WARN_ABOUT_RETURN_TYPE = YES_ERROR;
				GCC_WARN_UNDECLARED_SELECTOR = YES;
				GCC_WARN_UNINITIALIZED_AUTOS = YES_AGGRESSIVE;
				GCC_WARN_UNUSED_FUNCTION = YES;
				GCC_WARN_UNUSED_VARIABLE = YES;
				IPHONEOS_DEPLOYMENT_TARGET = 11.2;
				MTL_ENABLE_DEBUG_INFO = YES;
				ONLY_ACTIVE_ARCH = YES;
				SDKROOT = iphoneos;
			};
			name = Debug;
		};
		35C813F41FE3201900C78EBA /* Release */ = {
			isa = XCBuildConfiguration;
			buildSettings = {
				ALWAYS_SEARCH_USER_PATHS = NO;
				CLANG_ANALYZER_NONNULL = YES;
				CLANG_ANALYZER_NUMBER_OBJECT_CONVERSION = YES_AGGRESSIVE;
				CLANG_CXX_LANGUAGE_STANDARD = "gnu++14";
				CLANG_CXX_LIBRARY = "libc++";
				CLANG_ENABLE_MODULES = YES;
				CLANG_ENABLE_OBJC_ARC = YES;
				CLANG_WARN_BLOCK_CAPTURE_AUTORELEASING = YES;
				CLANG_WARN_BOOL_CONVERSION = YES;
				CLANG_WARN_COMMA = YES;
				CLANG_WARN_CONSTANT_CONVERSION = YES;
				CLANG_WARN_DIRECT_OBJC_ISA_USAGE = YES_ERROR;
				CLANG_WARN_DOCUMENTATION_COMMENTS = YES;
				CLANG_WARN_EMPTY_BODY = YES;
				CLANG_WARN_ENUM_CONVERSION = YES;
				CLANG_WARN_INFINITE_RECURSION = YES;
				CLANG_WARN_INT_CONVERSION = YES;
				CLANG_WARN_NON_LITERAL_NULL_CONVERSION = YES;
				CLANG_WARN_OBJC_LITERAL_CONVERSION = YES;
				CLANG_WARN_OBJC_ROOT_CLASS = YES_ERROR;
				CLANG_WARN_RANGE_LOOP_ANALYSIS = YES;
				CLANG_WARN_STRICT_PROTOTYPES = YES;
				CLANG_WARN_SUSPICIOUS_MOVE = YES;
				CLANG_WARN_UNGUARDED_AVAILABILITY = YES_AGGRESSIVE;
				CLANG_WARN_UNREACHABLE_CODE = YES;
				CLANG_WARN__DUPLICATE_METHOD_MATCH = YES;
				CODE_SIGN_IDENTITY = "iPhone Developer";
				COPY_PHASE_STRIP = NO;
				DEBUG_INFORMATION_FORMAT = "dwarf-with-dsym";
				ENABLE_NS_ASSERTIONS = NO;
				ENABLE_STRICT_OBJC_MSGSEND = YES;
				GCC_C_LANGUAGE_STANDARD = gnu11;
				GCC_NO_COMMON_BLOCKS = YES;
				GCC_WARN_64_TO_32_BIT_CONVERSION = YES;
				GCC_WARN_ABOUT_RETURN_TYPE = YES_ERROR;
				GCC_WARN_UNDECLARED_SELECTOR = YES;
				GCC_WARN_UNINITIALIZED_AUTOS = YES_AGGRESSIVE;
				GCC_WARN_UNUSED_FUNCTION = YES;
				GCC_WARN_UNUSED_VARIABLE = YES;
				IPHONEOS_DEPLOYMENT_TARGET = 11.2;
				MTL_ENABLE_DEBUG_INFO = NO;
				SDKROOT = iphoneos;
				VALIDATE_PRODUCT = YES;
			};
			name = Release;
		};
		35C813F61FE3201900C78EBA /* Debug */ = {
			isa = XCBuildConfiguration;
			buildSettings = {
				ASSETCATALOG_COMPILER_APPICON_NAME = AppIcon;
				CLANG_ENABLE_MODULES = YES;
				CODE_SIGN_STYLE = Automatic;
				DEFINES_MODULE = YES;
				INFOPLIST_FILE = TapMe/Info.plist;
				LD_RUNPATH_SEARCH_PATHS = "$(inherited) @executable_path/Frameworks";
				PRODUCT_BUNDLE_IDENTIFIER = none.TapMe;
				PRODUCT_NAME = "$(TARGET_NAME)";
				SWIFT_OBJC_BRIDGING_HEADER = "TapMe/TapMe-Bridging-Header.h";
				SWIFT_OPTIMIZATION_LEVEL = "-Onone";
				SWIFT_VERSION = 3.0;
				TARGETED_DEVICE_FAMILY = "1,2";
			};
			name = Debug;
		};
		35C813F71FE3201900C78EBA /* Release */ = {
			isa = XCBuildConfiguration;
			buildSettings = {
				ASSETCATALOG_COMPILER_APPICON_NAME = AppIcon;
				CLANG_ENABLE_MODULES = YES;
				CODE_SIGN_STYLE = Automatic;
				DEFINES_MODULE = YES;
				INFOPLIST_FILE = TapMe/Info.plist;
				LD_RUNPATH_SEARCH_PATHS = "$(inherited) @executable_path/Frameworks";
				PRODUCT_BUNDLE_IDENTIFIER = none.TapMe;
				PRODUCT_NAME = "$(TARGET_NAME)";
				SWIFT_OBJC_BRIDGING_HEADER = "TapMe/TapMe-Bridging-Header.h";
				SWIFT_VERSION = 3.0;
				TARGETED_DEVICE_FAMILY = "1,2";
			};
			name = Release;
		};
		35C813F91FE3201900C78EBA /* Debug */ = {
			isa = XCBuildConfiguration;
			buildSettings = {
				ALWAYS_EMBED_SWIFT_STANDARD_LIBRARIES = YES;
				BUNDLE_LOADER = "$(TEST_HOST)";
				CLANG_ENABLE_MODULES = YES;
				CODE_SIGN_STYLE = Automatic;
				DEFINES_MODULE = NO;
				INFOPLIST_FILE = TapMeTests/Info.plist;
				LD_RUNPATH_SEARCH_PATHS = "$(inherited) @executable_path/Frameworks @loader_path/Frameworks";
				PRODUCT_BUNDLE_IDENTIFIER = none.TapMeTests;
				PRODUCT_NAME = "$(TARGET_NAME)";
				SWIFT_OBJC_BRIDGING_HEADER = "TapMeTests/TapMeTests-Bridging-Header.h";
				SWIFT_OPTIMIZATION_LEVEL = "-Onone";
				SWIFT_VERSION = 3.0;
				TARGETED_DEVICE_FAMILY = "1,2";
				TEST_HOST = "$(BUILT_PRODUCTS_DIR)/TapMe.app/TapMe";
			};
			name = Debug;
		};
		35C813FA1FE3201900C78EBA /* Release */ = {
			isa = XCBuildConfiguration;
			buildSettings = {
				ALWAYS_EMBED_SWIFT_STANDARD_LIBRARIES = YES;
				BUNDLE_LOADER = "$(TEST_HOST)";
				CLANG_ENABLE_MODULES = YES;
				CODE_SIGN_STYLE = Automatic;
				DEFINES_MODULE = NO;
				INFOPLIST_FILE = TapMeTests/Info.plist;
				LD_RUNPATH_SEARCH_PATHS = "$(inherited) @executable_path/Frameworks @loader_path/Frameworks";
				PRODUCT_BUNDLE_IDENTIFIER = none.TapMeTests;
				PRODUCT_NAME = "$(TARGET_NAME)";
				SWIFT_OBJC_BRIDGING_HEADER = "TapMeTests/TapMeTests-Bridging-Header.h";
				SWIFT_VERSION = 3.0;
				TARGETED_DEVICE_FAMILY = "1,2";
				TEST_HOST = "$(BUILT_PRODUCTS_DIR)/TapMe.app/TapMe";
			};
			name = Release;
		};
/* End XCBuildConfiguration section */

/* Begin XCConfigurationList section */
		35C813CF1FE3201900C78EBA /* Build configuration list for PBXProject "TapMe" */ = {
			isa = XCConfigurationList;
			buildConfigurations = (
				35C813F31FE3201900C78EBA /* Debug */,
				35C813F41FE3201900C78EBA /* Release */,
			);
			defaultConfigurationIsVisible = 0;
			defaultConfigurationName = Release;
		};
		35C813F51FE3201900C78EBA /* Build configuration list for PBXNativeTarget "TapMe" */ = {
			isa = XCConfigurationList;
			buildConfigurations = (
				35C813F61FE3201900C78EBA /* Debug */,
				35C813F71FE3201900C78EBA /* Release */,
			);
			defaultConfigurationIsVisible = 0;
			defaultConfigurationName = Release;
		};
		35C813F81FE3201900C78EBA /* Build configuration list for PBXNativeTarget "TapMeTests" */ = {
			isa = XCConfigurationList;
			buildConfigurations = (
				35C813F91FE3201900C78EBA /* Debug */,
				35C813FA1FE3201900C78EBA /* Release */,
			);
			defaultConfigurationIsVisible = 0;
			defaultConfigurationName = Release;
		};
/* End XCConfigurationList section */
	};
	rootObject = 35C813CC1FE3201900C78EBA /* Project object */;
}
